
Microsoft Visual Studio Solution File, Format Version 12.00
# Visual Studio 15
VisualStudioVersion = 15.0.28010.2026
MinimumVisualStudioVersion = 10.0.40219.1
Project("{FAE04EC0-301F-11D3-BF4B-00C04F79EFBC}") = "Test", "Test\Test.csproj", "{184F1491-5965-4692-A30D-9781390CCD20}"
EndProject
Global
	GlobalSection(SolutionConfigurationPlatforms) = preSolution
		Debug|Any CPU = Debug|Any CPU
		Release|Any CPU = Release|Any CPU
	EndGlobalSection
	GlobalSection(ProjectConfigurationPlatforms) = postSolution
		{184F1491-5965-4692-A30D-9781390CCD20}.Debug|Any CPU.ActiveCfg = Debug|Any CPU
		{184F1491-5965-4692-A30D-9781390CCD20}.Debug|Any CPU.Build.0 = Debug|Any CPU
		{184F1491-5965-4692-A30D-9781390CCD20}.Release|Any CPU.ActiveCfg = Release|Any CPU
		{184F1491-5965-4692-A30D-9781390CCD20}.Release|Any CPU.Build.0 = Release|Any CPU
	EndGlobalSection
	GlobalSection(SolutionProperties) = preSolution
		HideSolutionNode = FALSE
	EndGlobalSection
	GlobalSection(ExtensibilityGlobals) = postSolution
		SolutionGuid = {4ECE68A7-AA4F-4E99-8598-78DB3AFF12F1}
	EndGlobalSection
EndGlobal
